
Microsoft Visual Studio Solution File, Format Version 12.00
# Visual Studio Version 17
VisualStudioVersion = 17.2.32210.308
MinimumVisualStudioVersion = 10.0.40219.1
Project("{FAE04EC0-301F-11D3-BF4B-00C04F79EFBC}") = "Battery", "Battery\Battery.csproj", "{DC9CB233-875A-4943-9ABA-8D6D33BF30D1}"
EndProject
Project("{9A19103F-16F7-4668-BE54-9A1E7A4F7556}") = "CustomControls_5", "..\CustomControls\CustomControls_5\CustomControls_5.csproj", "{BDE81CEE-FDF7-4D3C-8AE3-A45F1619952A}"
EndProject
Project("{9A19103F-16F7-4668-BE54-9A1E7A4F7556}") = "Utilities_5", "..\Utilities\Utilities_5\Utilities_5.csproj", "{C25CD8EF-0F1A-4293-8D17-CD2757AF155B}"
EndProject
Global
	GlobalSection(SolutionConfigurationPlatforms) = preSolution
		Debug|Any CPU = Debug|Any CPU
		Release|Any CPU = Release|Any CPU
	EndGlobalSection
	GlobalSection(ProjectConfigurationPlatforms) = postSolution
		{DC9CB233-875A-4943-9ABA-8D6D33BF30D1}.Debug|Any CPU.ActiveCfg = Debug|Any CPU
		{DC9CB233-875A-4943-9ABA-8D6D33BF30D1}.Debug|Any CPU.Build.0 = Debug|Any CPU
		{DC9CB233-875A-4943-9ABA-8D6D33BF30D1}.Release|Any CPU.ActiveCfg = Release|Any CPU
		{DC9CB233-875A-4943-9ABA-8D6D33BF30D1}.Release|Any CPU.Build.0 = Release|Any CPU
		{BDE81CEE-FDF7-4D3C-8AE3-A45F1619952A}.Debug|Any CPU.ActiveCfg = Debug|Any CPU
		{BDE81CEE-FDF7-4D3C-8AE3-A45F1619952A}.Debug|Any CPU.Build.0 = Debug|Any CPU
		{BDE81CEE-FDF7-4D3C-8AE3-A45F1619952A}.Release|Any CPU.ActiveCfg = Release|Any CPU
		{BDE81CEE-FDF7-4D3C-8AE3-A45F1619952A}.Release|Any CPU.Build.0 = Release|Any CPU
		{C25CD8EF-0F1A-4293-8D17-CD2757AF155B}.Debug|Any CPU.ActiveCfg = Debug|Any CPU
		{C25CD8EF-0F1A-4293-8D17-CD2757AF155B}.Debug|Any CPU.Build.0 = Debug|Any CPU
		{C25CD8EF-0F1A-4293-8D17-CD2757AF155B}.Release|Any CPU.ActiveCfg = Release|Any CPU
		{C25CD8EF-0F1A-4293-8D17-CD2757AF155B}.Release|Any CPU.Build.0 = Release|Any CPU
	EndGlobalSection
	GlobalSection(SolutionProperties) = preSolution
		HideSolutionNode = FALSE
	EndGlobalSection
	GlobalSection(ExtensibilityGlobals) = postSolution
		SolutionGuid = {1E0CCAD5-E3C4-455E-B433-59E51D833B46}
	EndGlobalSection
EndGlobal
